
Microsoft Visual Studio Solution File, Format Version 12.00
# Visual Studio Version 17
VisualStudioVersion = 17.0.31903.59
MinimumVisualStudioVersion = 10.0.40219.1
Project("{FAE04EC0-301F-11D3-BF4B-00C04F79EFBC}") = "Sharc", "src\Sharc\Sharc.csproj", "{A1B2C3D4-1111-2222-3333-444455556666}"
EndProject
Project("{FAE04EC0-301F-11D3-BF4B-00C04F79EFBC}") = "Sharc.Crypto", "src\Sharc.Crypto\Sharc.Crypto.csproj", "{A1B2C3D4-1111-2222-3333-444455558888}"
EndProject
Project("{FAE04EC0-301F-11D3-BF4B-00C04F79EFBC}") = "Sharc.Tests", "tests\Sharc.Tests\Sharc.Tests.csproj", "{A1B2C3D4-1111-2222-3333-444455559999}"
EndProject
Project("{FAE04EC0-301F-11D3-BF4B-00C04F79EFBC}") = "Sharc.IntegrationTests", "tests\Sharc.IntegrationTests\Sharc.IntegrationTests.csproj", "{A1B2C3D4-1111-2222-3333-44445555AAAA}"
EndProject
Project("{FAE04EC0-301F-11D3-BF4B-00C04F79EFBC}") = "Sharc.Benchmarks", "bench\Sharc.Benchmarks\Sharc.Benchmarks.csproj", "{A1B2C3D4-1111-2222-3333-44445555BBBB}"
EndProject
Project("{2150E333-8FDC-42A3-9474-1A3956D46DE8}") = "tools", "tools", "{07C2787E-EAC7-C090-1BA3-A61EC2A24D84}"
EndProject
Project("{FAE04EC0-301F-11D3-BF4B-00C04F79EFBC}") = "Sharc.Context", "tools\Sharc.Context\Sharc.Context.csproj", "{3E33DCFC-FED9-4AE3-B73B-BE6814F490B6}"
EndProject
Project("{2150E333-8FDC-42A3-9474-1A3956D46DE8}") = "src", "src", "{827E0CD3-B72D-47B6-A68D-7590B98EB39B}"
EndProject
Project("{FAE04EC0-301F-11D3-BF4B-00C04F79EFBC}") = "Sharc.Graph", "src\Sharc.Graph\Sharc.Graph.csproj", "{69BD3209-5790-49EB-B4D7-A3A7914847E5}"
EndProject
Project("{FAE04EC0-301F-11D3-BF4B-00C04F79EFBC}") = "Sharc.Graph.Surface", "src\Sharc.Graph.Surface\Sharc.Graph.Surface.csproj", "{3C87C876-D46A-4141-B38D-3E8FE1251E59}"
EndProject
Project("{2150E333-8FDC-42A3-9474-1A3956D46DE8}") = "tests", "tests", "{0AB3BF05-4346-4AA6-1389-037BE0695223}"
EndProject
Project("{FAE04EC0-301F-11D3-BF4B-00C04F79EFBC}") = "Sharc.Graph.Tests.Unit", "tests\Sharc.Graph.Tests.Unit\Sharc.Graph.Tests.Unit.csproj", "{71E044F3-F0E1-404D-BA4C-29D78BD70C04}"
EndProject
Project("{FAE04EC0-301F-11D3-BF4B-00C04F79EFBC}") = "Sharc.Graph.Tests.Performance", "tests\Sharc.Graph.Tests.Performance\Sharc.Graph.Tests.Performance.csproj", "{5B59878F-28AE-49EE-AFBE-2B1C9415E516}"
EndProject
Project("{FAE04EC0-301F-11D3-BF4B-00C04F79EFBC}") = "Sharc.Comparisons", "bench\Sharc.Comparisons\Sharc.Comparisons.csproj", "{D4E5F6A7-1234-5678-9ABC-DEF012345678}"
EndProject
Project("{FAE04EC0-301F-11D3-BF4B-00C04F79EFBC}") = "Sharc.Context.Tests", "tests\Sharc.Context.Tests\Sharc.Context.Tests.csproj", "{7E9549DA-5906-4D73-B1E8-0DC3EC1FAB1C}"
EndProject
Project("{FAE04EC0-301F-11D3-BF4B-00C04F79EFBC}") = "Sharc.Index", "tools\Sharc.Index\Sharc.Index.csproj", "{E70244F8-F798-4A49-89B6-C7E213FC41D9}"
EndProject
Project("{FAE04EC0-301F-11D3-BF4B-00C04F79EFBC}") = "Sharc.Index.Tests", "tests\Sharc.Index.Tests\Sharc.Index.Tests.csproj", "{268CAEED-2556-4DDC-B6BD-EE6C54A58B3F}"
EndProject
Project("{FAE04EC0-301F-11D3-BF4B-00C04F79EFBC}") = "Sharc.Arena.Wasm", "src\Sharc.Arena.Wasm\Sharc.Arena.Wasm.csproj", "{E1B153F7-0286-4D47-82A5-5A24E5AE542D}"
EndProject
Project("{FAE04EC0-301F-11D3-BF4B-00C04F79EFBC}") = "Sharc.Query", "src\Sharc.Query\Sharc.Query.csproj", "{8F91DAFB-53BF-4C75-A5F8-B9A5796D4A4A}"
EndProject
Project("{FAE04EC0-301F-11D3-BF4B-00C04F79EFBC}") = "Sharc.Query.Tests", "tests\Sharc.Query.Tests\Sharc.Query.Tests.csproj", "{C24DDF0B-6902-4388-83AC-F39DFD10BAB2}"
EndProject
Project("{FAE04EC0-301F-11D3-BF4B-00C04F79EFBC}") = "Sharc.Vector", "src\Sharc.Vector\Sharc.Vector.csproj", "{D43E146C-FFB7-499E-8C6C-87421C3E017D}"
EndProject
Project("{FAE04EC0-301F-11D3-BF4B-00C04F79EFBC}") = "Sharc.Vector.Tests", "tests\Sharc.Vector.Tests\Sharc.Vector.Tests.csproj", "{B69D5FFB-4349-4B44-A6A2-B0C05B960B0C}"
EndProject
Project("{2150E333-8FDC-42A3-9474-1A3956D46DE8}") = "samples", "samples", "{5D20AA90-6969-D8BD-9DCD-8634F4692FDA}"
EndProject
Project("{FAE04EC0-301F-11D3-BF4B-00C04F79EFBC}") = "UpsertDeleteWhere", "samples\UpsertDeleteWhere\UpsertDeleteWhere.csproj", "{4119C083-75B7-4BD4-9EA5-0BB8802D6F5C}"
EndProject
Project("{FAE04EC0-301F-11D3-BF4B-00C04F79EFBC}") = "VectorSearch", "samples\VectorSearch\VectorSearch.csproj", "{89669571-9532-4828-A55D-6B291C04D2AC}"
EndProject
Project("{FAE04EC0-301F-11D3-BF4B-00C04F79EFBC}") = "BrowserOpfs", "samples\BrowserOpfs\BrowserOpfs.csproj", "{70AF1C4D-2F11-4259-8937-56E5FE6491FC}"
EndProject
Project("{FAE04EC0-301F-11D3-BF4B-00C04F79EFBC}") = "Sharc.Arc", "src\Sharc.Arc\Sharc.Arc.csproj", "{C9CFADB7-0463-4E90-A0AA-8A9EEBBBB1C3}"
EndProject
Project("{FAE04EC0-301F-11D3-BF4B-00C04F79EFBC}") = "Sharc.Arc.Tests", "tests\Sharc.Arc.Tests\Sharc.Arc.Tests.csproj", "{B9762A8C-DCF7-4611-8538-F5AFC42AA39C}"
EndProject
Project("{FAE04EC0-301F-11D3-BF4B-00C04F79EFBC}") = "Sharc.Archive", "tools\Sharc.Archive\Sharc.Archive.csproj", "{3F00C3B5-A300-4375-BC50-F1CBB328AC21}"
EndProject
Project("{FAE04EC0-301F-11D3-BF4B-00C04F79EFBC}") = "Sharc.Archive.Tests", "tests\Sharc.Archive.Tests\Sharc.Archive.Tests.csproj", "{C049D708-43A6-40D5-AD0A-841BBC583D86}"
EndProject
Project("{FAE04EC0-301F-11D3-BF4B-00C04F79EFBC}") = "Sharc.Repo", "tools\Sharc.Repo\Sharc.Repo.csproj", "{D5F7A69E-0D69-463C-9CE2-97181F142C98}"
EndProject
Project("{FAE04EC0-301F-11D3-BF4B-00C04F79EFBC}") = "Sharc.Repo.Tests", "tests\Sharc.Repo.Tests\Sharc.Repo.Tests.csproj", "{42149845-6F85-4E07-92E2-51871135F037}"
EndProject
Project("{FAE04EC0-301F-11D3-BF4B-00C04F79EFBC}") = "Sharc.Core", "src\Sharc.Core\Sharc.Core.csproj", "{F4D32DDF-F5C6-4AFD-94E4-78C48A049085}"
EndProject
Project("{FAE04EC0-301F-11D3-BF4B-00C04F79EFBC}") = "Sharc.Base", "src\Sharc.Base\Sharc.Base.csproj", "{C6FE560E-9A78-4A0C-91A3-91077A5BD7ED}"
EndProject
Project("{FAE04EC0-301F-11D3-BF4B-00C04F79EFBC}") = "ApiComparison", "samples\ApiComparison\ApiComparison.csproj", "{B782423A-EED5-4A04-B368-2C4B4AA2799C}"
EndProject
Project("{FAE04EC0-301F-11D3-BF4B-00C04F79EFBC}") = "BasicRead", "samples\BasicRead\BasicRead.csproj", "{645ACBCF-B945-48F5-AB82-A015E46FEA91}"
EndProject
Project("{FAE04EC0-301F-11D3-BF4B-00C04F79EFBC}") = "BulkInsert", "samples\BulkInsert\BulkInsert.csproj", "{6D9DF000-A0EB-4C9C-B9D9-4AB91039564B}"
EndProject
Project("{FAE04EC0-301F-11D3-BF4B-00C04F79EFBC}") = "ContextGraph", "samples\ContextGraph\ContextGraph.csproj", "{610405D0-87CA-4EB1-B743-EB5CD7B218B0}"
EndProject
Project("{FAE04EC0-301F-11D3-BF4B-00C04F79EFBC}") = "EncryptedRead", "samples\EncryptedRead\EncryptedRead.csproj", "{6D416496-EE75-4A11-B613-61777AC1D85A}"
EndProject
Project("{FAE04EC0-301F-11D3-BF4B-00C04F79EFBC}") = "FilterAndProject", "samples\FilterAndProject\FilterAndProject.csproj", "{27BC1A03-030C-4991-AC97-2231518A953D}"
EndProject
Project("{FAE04EC0-301F-11D3-BF4B-00C04F79EFBC}") = "GuidFix128", "samples\GuidFix128\GuidFix128.csproj", "{61904A9F-F1A4-4FE4-8058-3420C7611063}"
EndProject
Project("{FAE04EC0-301F-11D3-BF4B-00C04F79EFBC}") = "PointLookup", "samples\PointLookup\PointLookup.csproj", "{99C86EC9-89AB-43CA-8ABA-D898EEF26849}"
EndProject
Project("{FAE04EC0-301F-11D3-BF4B-00C04F79EFBC}") = "PrimeExample", "samples\PrimeExample\PrimeExample.csproj", "{1FEB6FAC-8249-4E87-B157-0A59AF2D3CC9}"
EndProject
Project("{FAE04EC0-301F-11D3-BF4B-00C04F79EFBC}") = "TrustComplex", "samples\TrustComplex\TrustComplex.csproj", "{DD891C83-0100-44EF-86E0-75250226A43D}"
EndProject
Global
	GlobalSection(SolutionConfigurationPlatforms) = preSolution
		Debug|Any CPU = Debug|Any CPU
		Debug|x64 = Debug|x64
		Debug|x86 = Debug|x86
		Release|Any CPU = Release|Any CPU
		Release|x64 = Release|x64
		Release|x86 = Release|x86
	EndGlobalSection
	GlobalSection(ProjectConfigurationPlatforms) = postSolution
		{A1B2C3D4-1111-2222-3333-444455556666}.Debug|Any CPU.ActiveCfg = Debug|Any CPU
		{A1B2C3D4-1111-2222-3333-444455556666}.Debug|Any CPU.Build.0 = Debug|Any CPU
		{A1B2C3D4-1111-2222-3333-444455556666}.Debug|x64.ActiveCfg = Debug|Any CPU
		{A1B2C3D4-1111-2222-3333-444455556666}.Debug|x64.Build.0 = Debug|Any CPU
		{A1B2C3D4-1111-2222-3333-444455556666}.Debug|x86.ActiveCfg = Debug|Any CPU
		{A1B2C3D4-1111-2222-3333-444455556666}.Debug|x86.Build.0 = Debug|Any CPU
		{A1B2C3D4-1111-2222-3333-444455556666}.Release|Any CPU.ActiveCfg = Release|Any CPU
		{A1B2C3D4-1111-2222-3333-444455556666}.Release|Any CPU.Build.0 = Release|Any CPU
		{A1B2C3D4-1111-2222-3333-444455556666}.Release|x64.ActiveCfg = Release|Any CPU
		{A1B2C3D4-1111-2222-3333-444455556666}.Release|x64.Build.0 = Release|Any CPU
		{A1B2C3D4-1111-2222-3333-444455556666}.Release|x86.ActiveCfg = Release|Any CPU
		{A1B2C3D4-1111-2222-3333-444455556666}.Release|x86.Build.0 = Release|Any CPU
		{A1B2C3D4-1111-2222-3333-444455558888}.Debug|Any CPU.ActiveCfg = Debug|Any CPU
		{A1B2C3D4-1111-2222-3333-444455558888}.Debug|Any CPU.Build.0 = Debug|Any CPU
		{A1B2C3D4-1111-2222-3333-444455558888}.Debug|x64.ActiveCfg = Debug|Any CPU
		{A1B2C3D4-1111-2222-3333-444455558888}.Debug|x64.Build.0 = Debug|Any CPU
		{A1B2C3D4-1111-2222-3333-444455558888}.Debug|x86.ActiveCfg = Debug|Any CPU
		{A1B2C3D4-1111-2222-3333-444455558888}.Debug|x86.Build.0 = Debug|Any CPU
		{A1B2C3D4-1111-2222-3333-444455558888}.Release|Any CPU.ActiveCfg = Release|Any CPU
		{A1B2C3D4-1111-2222-3333-444455558888}.Release|Any CPU.Build.0 = Release|Any CPU
		{A1B2C3D4-1111-2222-3333-444455558888}.Release|x64.ActiveCfg = Release|Any CPU
		{A1B2C3D4-1111-2222-3333-444455558888}.Release|x64.Build.0 = Release|Any CPU
		{A1B2C3D4-1111-2222-3333-444455558888}.Release|x86.ActiveCfg = Release|Any CPU
		{A1B2C3D4-1111-2222-3333-444455558888}.Release|x86.Build.0 = Release|Any CPU
		{A1B2C3D4-1111-2222-3333-444455559999}.Debug|Any CPU.ActiveCfg = Debug|Any CPU
		{A1B2C3D4-1111-2222-3333-444455559999}.Debug|Any CPU.Build.0 = Debug|Any CPU
		{A1B2C3D4-1111-2222-3333-444455559999}.Debug|x64.ActiveCfg = Debug|Any CPU
		{A1B2C3D4-1111-2222-3333-444455559999}.Debug|x64.Build.0 = Debug|Any CPU
		{A1B2C3D4-1111-2222-3333-444455559999}.Debug|x86.ActiveCfg = Debug|Any CPU
		{A1B2C3D4-1111-2222-3333-444455559999}.Debug|x86.Build.0 = Debug|Any CPU
		{A1B2C3D4-1111-2222-3333-444455559999}.Release|Any CPU.ActiveCfg = Release|Any CPU
		{A1B2C3D4-1111-2222-3333-444455559999}.Release|Any CPU.Build.0 = Release|Any CPU
		{A1B2C3D4-1111-2222-3333-444455559999}.Release|x64.ActiveCfg = Release|Any CPU
		{A1B2C3D4-1111-2222-3333-444455559999}.Release|x64.Build.0 = Release|Any CPU
		{A1B2C3D4-1111-2222-3333-444455559999}.Release|x86.ActiveCfg = Release|Any CPU
		{A1B2C3D4-1111-2222-3333-444455559999}.Release|x86.Build.0 = Release|Any CPU
		{A1B2C3D4-1111-2222-3333-44445555AAAA}.Debug|Any CPU.ActiveCfg = Debug|Any CPU
		{A1B2C3D4-1111-2222-3333-44445555AAAA}.Debug|Any CPU.Build.0 = Debug|Any CPU
		{A1B2C3D4-1111-2222-3333-44445555AAAA}.Debug|x64.ActiveCfg = Debug|Any CPU
		{A1B2C3D4-1111-2222-3333-44445555AAAA}.Debug|x64.Build.0 = Debug|Any CPU
		{A1B2C3D4-1111-2222-3333-44445555AAAA}.Debug|x86.ActiveCfg = Debug|Any CPU
		{A1B2C3D4-1111-2222-3333-44445555AAAA}.Debug|x86.Build.0 = Debug|Any CPU
		{A1B2C3D4-1111-2222-3333-44445555AAAA}.Release|Any CPU.ActiveCfg = Release|Any CPU
		{A1B2C3D4-1111-2222-3333-44445555AAAA}.Release|Any CPU.Build.0 = Release|Any CPU
		{A1B2C3D4-1111-2222-3333-44445555AAAA}.Release|x64.ActiveCfg = Release|Any CPU
		{A1B2C3D4-1111-2222-3333-44445555AAAA}.Release|x64.Build.0 = Release|Any CPU
		{A1B2C3D4-1111-2222-3333-44445555AAAA}.Release|x86.ActiveCfg = Release|Any CPU
		{A1B2C3D4-1111-2222-3333-44445555AAAA}.Release|x86.Build.0 = Release|Any CPU
		{A1B2C3D4-1111-2222-3333-44445555BBBB}.Debug|Any CPU.ActiveCfg = Release|Any CPU
		{A1B2C3D4-1111-2222-3333-44445555BBBB}.Debug|x64.ActiveCfg = Debug|Any CPU
		{A1B2C3D4-1111-2222-3333-44445555BBBB}.Debug|x64.Build.0 = Debug|Any CPU
		{A1B2C3D4-1111-2222-3333-44445555BBBB}.Debug|x86.ActiveCfg = Debug|Any CPU
		{A1B2C3D4-1111-2222-3333-44445555BBBB}.Debug|x86.Build.0 = Debug|Any CPU
		{A1B2C3D4-1111-2222-3333-44445555BBBB}.Release|Any CPU.ActiveCfg = Release|Any CPU
		{A1B2C3D4-1111-2222-3333-44445555BBBB}.Release|Any CPU.Build.0 = Release|Any CPU
		{A1B2C3D4-1111-2222-3333-44445555BBBB}.Release|x64.ActiveCfg = Release|Any CPU
		{A1B2C3D4-1111-2222-3333-44445555BBBB}.Release|x64.Build.0 = Release|Any CPU
		{A1B2C3D4-1111-2222-3333-44445555BBBB}.Release|x86.ActiveCfg = Release|Any CPU
		{A1B2C3D4-1111-2222-3333-44445555BBBB}.Release|x86.Build.0 = Release|Any CPU
		{3E33DCFC-FED9-4AE3-B73B-BE6814F490B6}.Debug|Any CPU.ActiveCfg = Debug|Any CPU
		{3E33DCFC-FED9-4AE3-B73B-BE6814F490B6}.Debug|Any CPU.Build.0 = Debug|Any CPU
		{3E33DCFC-FED9-4AE3-B73B-BE6814F490B6}.Debug|x64.ActiveCfg = Debug|Any CPU
		{3E33DCFC-FED9-4AE3-B73B-BE6814F490B6}.Debug|x64.Build.0 = Debug|Any CPU
		{3E33DCFC-FED9-4AE3-B73B-BE6814F490B6}.Debug|x86.ActiveCfg = Debug|Any CPU
		{3E33DCFC-FED9-4AE3-B73B-BE6814F490B6}.Debug|x86.Build.0 = Debug|Any CPU
		{3E33DCFC-FED9-4AE3-B73B-BE6814F490B6}.Release|Any CPU.ActiveCfg = Release|Any CPU
		{3E33DCFC-FED9-4AE3-B73B-BE6814F490B6}.Release|Any CPU.Build.0 = Release|Any CPU
		{3E33DCFC-FED9-4AE3-B73B-BE6814F490B6}.Release|x64.ActiveCfg = Release|Any CPU
		{3E33DCFC-FED9-4AE3-B73B-BE6814F490B6}.Release|x64.Build.0 = Release|Any CPU
		{3E33DCFC-FED9-4AE3-B73B-BE6814F490B6}.Release|x86.ActiveCfg = Release|Any CPU
		{3E33DCFC-FED9-4AE3-B73B-BE6814F490B6}.Release|x86.Build.0 = Release|Any CPU
		{69BD3209-5790-49EB-B4D7-A3A7914847E5}.Debug|Any CPU.ActiveCfg = Debug|Any CPU
		{69BD3209-5790-49EB-B4D7-A3A7914847E5}.Debug|Any CPU.Build.0 = Debug|Any CPU
		{69BD3209-5790-49EB-B4D7-A3A7914847E5}.Debug|x64.ActiveCfg = Debug|Any CPU
		{69BD3209-5790-49EB-B4D7-A3A7914847E5}.Debug|x64.Build.0 = Debug|Any CPU
		{69BD3209-5790-49EB-B4D7-A3A7914847E5}.Debug|x86.ActiveCfg = Debug|Any CPU
		{69BD3209-5790-49EB-B4D7-A3A7914847E5}.Debug|x86.Build.0 = Debug|Any CPU
		{69BD3209-5790-49EB-B4D7-A3A7914847E5}.Release|Any CPU.ActiveCfg = Release|Any CPU
		{69BD3209-5790-49EB-B4D7-A3A7914847E5}.Release|Any CPU.Build.0 = Release|Any CPU
		{69BD3209-5790-49EB-B4D7-A3A7914847E5}.Release|x64.ActiveCfg = Release|Any CPU
		{69BD3209-5790-49EB-B4D7-A3A7914847E5}.Release|x64.Build.0 = Release|Any CPU
		{69BD3209-5790-49EB-B4D7-A3A7914847E5}.Release|x86.ActiveCfg = Release|Any CPU
		{69BD3209-5790-49EB-B4D7-A3A7914847E5}.Release|x86.Build.0 = Release|Any CPU
		{3C87C876-D46A-4141-B38D-3E8FE1251E59}.Debug|Any CPU.ActiveCfg = Debug|Any CPU
		{3C87C876-D46A-4141-B38D-3E8FE1251E59}.Debug|Any CPU.Build.0 = Debug|Any CPU
		{3C87C876-D46A-4141-B38D-3E8FE1251E59}.Debug|x64.ActiveCfg = Debug|Any CPU
		{3C87C876-D46A-4141-B38D-3E8FE1251E59}.Debug|x64.Build.0 = Debug|Any CPU
		{3C87C876-D46A-4141-B38D-3E8FE1251E59}.Debug|x86.ActiveCfg = Debug|Any CPU
		{3C87C876-D46A-4141-B38D-3E8FE1251E59}.Debug|x86.Build.0 = Debug|Any CPU
		{3C87C876-D46A-4141-B38D-3E8FE1251E59}.Release|Any CPU.ActiveCfg = Release|Any CPU
		{3C87C876-D46A-4141-B38D-3E8FE1251E59}.Release|Any CPU.Build.0 = Release|Any CPU
		{3C87C876-D46A-4141-B38D-3E8FE1251E59}.Release|x64.ActiveCfg = Release|Any CPU
		{3C87C876-D46A-4141-B38D-3E8FE1251E59}.Release|x64.Build.0 = Release|Any CPU
		{3C87C876-D46A-4141-B38D-3E8FE1251E59}.Release|x86.ActiveCfg = Release|Any CPU
		{3C87C876-D46A-4141-B38D-3E8FE1251E59}.Release|x86.Build.0 = Release|Any CPU
		{71E044F3-F0E1-404D-BA4C-29D78BD70C04}.Debug|Any CPU.ActiveCfg = Debug|Any CPU
		{71E044F3-F0E1-404D-BA4C-29D78BD70C04}.Debug|Any CPU.Build.0 = Debug|Any CPU
		{71E044F3-F0E1-404D-BA4C-29D78BD70C04}.Debug|x64.ActiveCfg = Debug|Any CPU
		{71E044F3-F0E1-404D-BA4C-29D78BD70C04}.Debug|x64.Build.0 = Debug|Any CPU
		{71E044F3-F0E1-404D-BA4C-29D78BD70C04}.Debug|x86.ActiveCfg = Debug|Any CPU
		{71E044F3-F0E1-404D-BA4C-29D78BD70C04}.Debug|x86.Build.0 = Debug|Any CPU
		{71E044F3-F0E1-404D-BA4C-29D78BD70C04}.Release|Any CPU.ActiveCfg = Release|Any CPU
		{71E044F3-F0E1-404D-BA4C-29D78BD70C04}.Release|Any CPU.Build.0 = Release|Any CPU
		{71E044F3-F0E1-404D-BA4C-29D78BD70C04}.Release|x64.ActiveCfg = Release|Any CPU
		{71E044F3-F0E1-404D-BA4C-29D78BD70C04}.Release|x64.Build.0 = Release|Any CPU
		{71E044F3-F0E1-404D-BA4C-29D78BD70C04}.Release|x86.ActiveCfg = Release|Any CPU
		{71E044F3-F0E1-404D-BA4C-29D78BD70C04}.Release|x86.Build.0 = Release|Any CPU
		{5B59878F-28AE-49EE-AFBE-2B1C9415E516}.Debug|Any CPU.ActiveCfg = Debug|Any CPU
		{5B59878F-28AE-49EE-AFBE-2B1C9415E516}.Debug|Any CPU.Build.0 = Debug|Any CPU
		{5B59878F-28AE-49EE-AFBE-2B1C9415E516}.Debug|x64.ActiveCfg = Debug|Any CPU
		{5B59878F-28AE-49EE-AFBE-2B1C9415E516}.Debug|x64.Build.0 = Debug|Any CPU
		{5B59878F-28AE-49EE-AFBE-2B1C9415E516}.Debug|x86.ActiveCfg = Debug|Any CPU
		{5B59878F-28AE-49EE-AFBE-2B1C9415E516}.Debug|x86.Build.0 = Debug|Any CPU
		{5B59878F-28AE-49EE-AFBE-2B1C9415E516}.Release|Any CPU.ActiveCfg = Release|Any CPU
		{5B59878F-28AE-49EE-AFBE-2B1C9415E516}.Release|Any CPU.Build.0 = Release|Any CPU
		{5B59878F-28AE-49EE-AFBE-2B1C9415E516}.Release|x64.ActiveCfg = Release|Any CPU
		{5B59878F-28AE-49EE-AFBE-2B1C9415E516}.Release|x64.Build.0 = Release|Any CPU
		{5B59878F-28AE-49EE-AFBE-2B1C9415E516}.Release|x86.ActiveCfg = Release|Any CPU
		{5B59878F-28AE-49EE-AFBE-2B1C9415E516}.Release|x86.Build.0 = Release|Any CPU
		{D4E5F6A7-1234-5678-9ABC-DEF012345678}.Debug|Any CPU.ActiveCfg = Debug|Any CPU
		{D4E5F6A7-1234-5678-9ABC-DEF012345678}.Debug|Any CPU.Build.0 = Debug|Any CPU
		{D4E5F6A7-1234-5678-9ABC-DEF012345678}.Debug|x64.ActiveCfg = Debug|Any CPU
		{D4E5F6A7-1234-5678-9ABC-DEF012345678}.Debug|x64.Build.0 = Debug|Any CPU
		{D4E5F6A7-1234-5678-9ABC-DEF012345678}.Debug|x86.ActiveCfg = Debug|Any CPU
		{D4E5F6A7-1234-5678-9ABC-DEF012345678}.Debug|x86.Build.0 = Debug|Any CPU
		{D4E5F6A7-1234-5678-9ABC-DEF012345678}.Release|Any CPU.ActiveCfg = Release|Any CPU
		{D4E5F6A7-1234-5678-9ABC-DEF012345678}.Release|Any CPU.Build.0 = Release|Any CPU
		{D4E5F6A7-1234-5678-9ABC-DEF012345678}.Release|x64.ActiveCfg = Release|Any CPU
		{D4E5F6A7-1234-5678-9ABC-DEF012345678}.Release|x64.Build.0 = Release|Any CPU
		{D4E5F6A7-1234-5678-9ABC-DEF012345678}.Release|x86.ActiveCfg = Release|Any CPU
		{D4E5F6A7-1234-5678-9ABC-DEF012345678}.Release|x86.Build.0 = Release|Any CPU
		{7E9549DA-5906-4D73-B1E8-0DC3EC1FAB1C}.Debug|Any CPU.ActiveCfg = Debug|Any CPU
		{7E9549DA-5906-4D73-B1E8-0DC3EC1FAB1C}.Debug|Any CPU.Build.0 = Debug|Any CPU
		{7E9549DA-5906-4D73-B1E8-0DC3EC1FAB1C}.Debug|x64.ActiveCfg = Debug|Any CPU
		{7E9549DA-5906-4D73-B1E8-0DC3EC1FAB1C}.Debug|x64.Build.0 = Debug|Any CPU
		{7E9549DA-5906-4D73-B1E8-0DC3EC1FAB1C}.Debug|x86.ActiveCfg = Debug|Any CPU
		{7E9549DA-5906-4D73-B1E8-0DC3EC1FAB1C}.Debug|x86.Build.0 = Debug|Any CPU
		{7E9549DA-5906-4D73-B1E8-0DC3EC1FAB1C}.Release|Any CPU.ActiveCfg = Release|Any CPU
		{7E9549DA-5906-4D73-B1E8-0DC3EC1FAB1C}.Release|Any CPU.Build.0 = Release|Any CPU
		{7E9549DA-5906-4D73-B1E8-0DC3EC1FAB1C}.Release|x64.ActiveCfg = Release|Any CPU
		{7E9549DA-5906-4D73-B1E8-0DC3EC1FAB1C}.Release|x64.Build.0 = Release|Any CPU
		{7E9549DA-5906-4D73-B1E8-0DC3EC1FAB1C}.Release|x86.ActiveCfg = Release|Any CPU
		{7E9549DA-5906-4D73-B1E8-0DC3EC1FAB1C}.Release|x86.Build.0 = Release|Any CPU
		{E70244F8-F798-4A49-89B6-C7E213FC41D9}.Debug|Any CPU.ActiveCfg = Debug|Any CPU
		{E70244F8-F798-4A49-89B6-C7E213FC41D9}.Debug|Any CPU.Build.0 = Debug|Any CPU
		{E70244F8-F798-4A49-89B6-C7E213FC41D9}.Debug|x64.ActiveCfg = Debug|Any CPU
		{E70244F8-F798-4A49-89B6-C7E213FC41D9}.Debug|x64.Build.0 = Debug|Any CPU
		{E70244F8-F798-4A49-89B6-C7E213FC41D9}.Debug|x86.ActiveCfg = Debug|Any CPU
		{E70244F8-F798-4A49-89B6-C7E213FC41D9}.Debug|x86.Build.0 = Debug|Any CPU
		{E70244F8-F798-4A49-89B6-C7E213FC41D9}.Release|Any CPU.ActiveCfg = Release|Any CPU
		{E70244F8-F798-4A49-89B6-C7E213FC41D9}.Release|Any CPU.Build.0 = Release|Any CPU
		{E70244F8-F798-4A49-89B6-C7E213FC41D9}.Release|x64.ActiveCfg = Release|Any CPU
		{E70244F8-F798-4A49-89B6-C7E213FC41D9}.Release|x64.Build.0 = Release|Any CPU
		{E70244F8-F798-4A49-89B6-C7E213FC41D9}.Release|x86.ActiveCfg = Release|Any CPU
		{E70244F8-F798-4A49-89B6-C7E213FC41D9}.Release|x86.Build.0 = Release|Any CPU
		{268CAEED-2556-4DDC-B6BD-EE6C54A58B3F}.Debug|Any CPU.ActiveCfg = Debug|Any CPU
		{268CAEED-2556-4DDC-B6BD-EE6C54A58B3F}.Debug|Any CPU.Build.0 = Debug|Any CPU
		{268CAEED-2556-4DDC-B6BD-EE6C54A58B3F}.Debug|x64.ActiveCfg = Debug|Any CPU
		{268CAEED-2556-4DDC-B6BD-EE6C54A58B3F}.Debug|x64.Build.0 = Debug|Any CPU
		{268CAEED-2556-4DDC-B6BD-EE6C54A58B3F}.Debug|x86.ActiveCfg = Debug|Any CPU
		{268CAEED-2556-4DDC-B6BD-EE6C54A58B3F}.Debug|x86.Build.0 = Debug|Any CPU
		{268CAEED-2556-4DDC-B6BD-EE6C54A58B3F}.Release|Any CPU.ActiveCfg = Release|Any CPU
		{268CAEED-2556-4DDC-B6BD-EE6C54A58B3F}.Release|Any CPU.Build.0 = Release|Any CPU
		{268CAEED-2556-4DDC-B6BD-EE6C54A58B3F}.Release|x64.ActiveCfg = Release|Any CPU
		{268CAEED-2556-4DDC-B6BD-EE6C54A58B3F}.Release|x64.Build.0 = Release|Any CPU
		{268CAEED-2556-4DDC-B6BD-EE6C54A58B3F}.Release|x86.ActiveCfg = Release|Any CPU
		{268CAEED-2556-4DDC-B6BD-EE6C54A58B3F}.Release|x86.Build.0 = Release|Any CPU
		{E1B153F7-0286-4D47-82A5-5A24E5AE542D}.Debug|Any CPU.ActiveCfg = Debug|Any CPU
		{E1B153F7-0286-4D47-82A5-5A24E5AE542D}.Debug|Any CPU.Build.0 = Debug|Any CPU
		{E1B153F7-0286-4D47-82A5-5A24E5AE542D}.Debug|x64.ActiveCfg = Debug|Any CPU
		{E1B153F7-0286-4D47-82A5-5A24E5AE542D}.Debug|x64.Build.0 = Debug|Any CPU
		{E1B153F7-0286-4D47-82A5-5A24E5AE542D}.Debug|x86.ActiveCfg = Debug|Any CPU
		{E1B153F7-0286-4D47-82A5-5A24E5AE542D}.Debug|x86.Build.0 = Debug|Any CPU
		{E1B153F7-0286-4D47-82A5-5A24E5AE542D}.Release|Any CPU.ActiveCfg = Release|Any CPU
		{E1B153F7-0286-4D47-82A5-5A24E5AE542D}.Release|Any CPU.Build.0 = Release|Any CPU
		{E1B153F7-0286-4D47-82A5-5A24E5AE542D}.Release|x64.ActiveCfg = Release|Any CPU
		{E1B153F7-0286-4D47-82A5-5A24E5AE542D}.Release|x64.Build.0 = Release|Any CPU
		{E1B153F7-0286-4D47-82A5-5A24E5AE542D}.Release|x86.ActiveCfg = Release|Any CPU
		{E1B153F7-0286-4D47-82A5-5A24E5AE542D}.Release|x86.Build.0 = Release|Any CPU
		{8F91DAFB-53BF-4C75-A5F8-B9A5796D4A4A}.Debug|Any CPU.ActiveCfg = Debug|Any CPU
		{8F91DAFB-53BF-4C75-A5F8-B9A5796D4A4A}.Debug|Any CPU.Build.0 = Debug|Any CPU
		{8F91DAFB-53BF-4C75-A5F8-B9A5796D4A4A}.Debug|x64.ActiveCfg = Debug|Any CPU
		{8F91DAFB-53BF-4C75-A5F8-B9A5796D4A4A}.Debug|x64.Build.0 = Debug|Any CPU
		{8F91DAFB-53BF-4C75-A5F8-B9A5796D4A4A}.Debug|x86.ActiveCfg = Debug|Any CPU
		{8F91DAFB-53BF-4C75-A5F8-B9A5796D4A4A}.Debug|x86.Build.0 = Debug|Any CPU
		{8F91DAFB-53BF-4C75-A5F8-B9A5796D4A4A}.Release|Any CPU.ActiveCfg = Release|Any CPU
		{8F91DAFB-53BF-4C75-A5F8-B9A5796D4A4A}.Release|Any CPU.Build.0 = Release|Any CPU
		{8F91DAFB-53BF-4C75-A5F8-B9A5796D4A4A}.Release|x64.ActiveCfg = Release|Any CPU
		{8F91DAFB-53BF-4C75-A5F8-B9A5796D4A4A}.Release|x64.Build.0 = Release|Any CPU
		{8F91DAFB-53BF-4C75-A5F8-B9A5796D4A4A}.Release|x86.ActiveCfg = Release|Any CPU
		{8F91DAFB-53BF-4C75-A5F8-B9A5796D4A4A}.Release|x86.Build.0 = Release|Any CPU
		{C24DDF0B-6902-4388-83AC-F39DFD10BAB2}.Debug|Any CPU.ActiveCfg = Debug|Any CPU
		{C24DDF0B-6902-4388-83AC-F39DFD10BAB2}.Debug|Any CPU.Build.0 = Debug|Any CPU
		{C24DDF0B-6902-4388-83AC-F39DFD10BAB2}.Debug|x64.ActiveCfg = Debug|Any CPU
		{C24DDF0B-6902-4388-83AC-F39DFD10BAB2}.Debug|x64.Build.0 = Debug|Any CPU
		{C24DDF0B-6902-4388-83AC-F39DFD10BAB2}.Debug|x86.ActiveCfg = Debug|Any CPU
		{C24DDF0B-6902-4388-83AC-F39DFD10BAB2}.Debug|x86.Build.0 = Debug|Any CPU
		{C24DDF0B-6902-4388-83AC-F39DFD10BAB2}.Release|Any CPU.ActiveCfg = Release|Any CPU
		{C24DDF0B-6902-4388-83AC-F39DFD10BAB2}.Release|Any CPU.Build.0 = Release|Any CPU
		{C24DDF0B-6902-4388-83AC-F39DFD10BAB2}.Release|x64.ActiveCfg = Release|Any CPU
		{C24DDF0B-6902-4388-83AC-F39DFD10BAB2}.Release|x64.Build.0 = Release|Any CPU
		{C24DDF0B-6902-4388-83AC-F39DFD10BAB2}.Release|x86.ActiveCfg = Release|Any CPU
		{C24DDF0B-6902-4388-83AC-F39DFD10BAB2}.Release|x86.Build.0 = Release|Any CPU
		{D43E146C-FFB7-499E-8C6C-87421C3E017D}.Debug|Any CPU.ActiveCfg = Debug|Any CPU
		{D43E146C-FFB7-499E-8C6C-87421C3E017D}.Debug|Any CPU.Build.0 = Debug|Any CPU
		{D43E146C-FFB7-499E-8C6C-87421C3E017D}.Debug|x64.ActiveCfg = Debug|Any CPU
		{D43E146C-FFB7-499E-8C6C-87421C3E017D}.Debug|x64.Build.0 = Debug|Any CPU
		{D43E146C-FFB7-499E-8C6C-87421C3E017D}.Debug|x86.ActiveCfg = Debug|Any CPU
		{D43E146C-FFB7-499E-8C6C-87421C3E017D}.Debug|x86.Build.0 = Debug|Any CPU
		{D43E146C-FFB7-499E-8C6C-87421C3E017D}.Release|Any CPU.ActiveCfg = Release|Any CPU
		{D43E146C-FFB7-499E-8C6C-87421C3E017D}.Release|Any CPU.Build.0 = Release|Any CPU
		{D43E146C-FFB7-499E-8C6C-87421C3E017D}.Release|x64.ActiveCfg = Release|Any CPU
		{D43E146C-FFB7-499E-8C6C-87421C3E017D}.Release|x64.Build.0 = Release|Any CPU
		{D43E146C-FFB7-499E-8C6C-87421C3E017D}.Release|x86.ActiveCfg = Release|Any CPU
		{D43E146C-FFB7-499E-8C6C-87421C3E017D}.Release|x86.Build.0 = Release|Any CPU
		{B69D5FFB-4349-4B44-A6A2-B0C05B960B0C}.Debug|Any CPU.ActiveCfg = Debug|Any CPU
		{B69D5FFB-4349-4B44-A6A2-B0C05B960B0C}.Debug|Any CPU.Build.0 = Debug|Any CPU
		{B69D5FFB-4349-4B44-A6A2-B0C05B960B0C}.Debug|x64.ActiveCfg = Debug|Any CPU
		{B69D5FFB-4349-4B44-A6A2-B0C05B960B0C}.Debug|x64.Build.0 = Debug|Any CPU
		{B69D5FFB-4349-4B44-A6A2-B0C05B960B0C}.Debug|x86.ActiveCfg = Debug|Any CPU
		{B69D5FFB-4349-4B44-A6A2-B0C05B960B0C}.Debug|x86.Build.0 = Debug|Any CPU
		{B69D5FFB-4349-4B44-A6A2-B0C05B960B0C}.Release|Any CPU.ActiveCfg = Release|Any CPU
		{B69D5FFB-4349-4B44-A6A2-B0C05B960B0C}.Release|Any CPU.Build.0 = Release|Any CPU
		{B69D5FFB-4349-4B44-A6A2-B0C05B960B0C}.Release|x64.ActiveCfg = Release|Any CPU
		{B69D5FFB-4349-4B44-A6A2-B0C05B960B0C}.Release|x64.Build.0 = Release|Any CPU
		{B69D5FFB-4349-4B44-A6A2-B0C05B960B0C}.Release|x86.ActiveCfg = Release|Any CPU
		{B69D5FFB-4349-4B44-A6A2-B0C05B960B0C}.Release|x86.Build.0 = Release|Any CPU
		{4119C083-75B7-4BD4-9EA5-0BB8802D6F5C}.Debug|Any CPU.ActiveCfg = Debug|Any CPU
		{4119C083-75B7-4BD4-9EA5-0BB8802D6F5C}.Debug|Any CPU.Build.0 = Debug|Any CPU
		{4119C083-75B7-4BD4-9EA5-0BB8802D6F5C}.Debug|x64.ActiveCfg = Debug|Any CPU
		{4119C083-75B7-4BD4-9EA5-0BB8802D6F5C}.Debug|x64.Build.0 = Debug|Any CPU
		{4119C083-75B7-4BD4-9EA5-0BB8802D6F5C}.Debug|x86.ActiveCfg = Debug|Any CPU
		{4119C083-75B7-4BD4-9EA5-0BB8802D6F5C}.Debug|x86.Build.0 = Debug|Any CPU
		{4119C083-75B7-4BD4-9EA5-0BB8802D6F5C}.Release|Any CPU.ActiveCfg = Release|Any CPU
		{4119C083-75B7-4BD4-9EA5-0BB8802D6F5C}.Release|Any CPU.Build.0 = Release|Any CPU
		{4119C083-75B7-4BD4-9EA5-0BB8802D6F5C}.Release|x64.ActiveCfg = Release|Any CPU
		{4119C083-75B7-4BD4-9EA5-0BB8802D6F5C}.Release|x64.Build.0 = Release|Any CPU
		{4119C083-75B7-4BD4-9EA5-0BB8802D6F5C}.Release|x86.ActiveCfg = Release|Any CPU
		{4119C083-75B7-4BD4-9EA5-0BB8802D6F5C}.Release|x86.Build.0 = Release|Any CPU
		{89669571-9532-4828-A55D-6B291C04D2AC}.Debug|Any CPU.ActiveCfg = Debug|Any CPU
		{89669571-9532-4828-A55D-6B291C04D2AC}.Debug|Any CPU.Build.0 = Debug|Any CPU
		{89669571-9532-4828-A55D-6B291C04D2AC}.Debug|x64.ActiveCfg = Debug|Any CPU
		{89669571-9532-4828-A55D-6B291C04D2AC}.Debug|x64.Build.0 = Debug|Any CPU
		{89669571-9532-4828-A55D-6B291C04D2AC}.Debug|x86.ActiveCfg = Debug|Any CPU
		{89669571-9532-4828-A55D-6B291C04D2AC}.Debug|x86.Build.0 = Debug|Any CPU
		{89669571-9532-4828-A55D-6B291C04D2AC}.Release|Any CPU.ActiveCfg = Release|Any CPU
		{89669571-9532-4828-A55D-6B291C04D2AC}.Release|Any CPU.Build.0 = Release|Any CPU
		{89669571-9532-4828-A55D-6B291C04D2AC}.Release|x64.ActiveCfg = Release|Any CPU
		{89669571-9532-4828-A55D-6B291C04D2AC}.Release|x64.Build.0 = Release|Any CPU
		{89669571-9532-4828-A55D-6B291C04D2AC}.Release|x86.ActiveCfg = Release|Any CPU
		{89669571-9532-4828-A55D-6B291C04D2AC}.Release|x86.Build.0 = Release|Any CPU
		{70AF1C4D-2F11-4259-8937-56E5FE6491FC}.Debug|Any CPU.ActiveCfg = Debug|Any CPU
		{70AF1C4D-2F11-4259-8937-56E5FE6491FC}.Debug|Any CPU.Build.0 = Debug|Any CPU
		{70AF1C4D-2F11-4259-8937-56E5FE6491FC}.Debug|x64.ActiveCfg = Debug|Any CPU
		{70AF1C4D-2F11-4259-8937-56E5FE6491FC}.Debug|x64.Build.0 = Debug|Any CPU
		{70AF1C4D-2F11-4259-8937-56E5FE6491FC}.Debug|x86.ActiveCfg = Debug|Any CPU
		{70AF1C4D-2F11-4259-8937-56E5FE6491FC}.Debug|x86.Build.0 = Debug|Any CPU
		{70AF1C4D-2F11-4259-8937-56E5FE6491FC}.Release|Any CPU.ActiveCfg = Release|Any CPU
		{70AF1C4D-2F11-4259-8937-56E5FE6491FC}.Release|Any CPU.Build.0 = Release|Any CPU
		{70AF1C4D-2F11-4259-8937-56E5FE6491FC}.Release|x64.ActiveCfg = Release|Any CPU
		{70AF1C4D-2F11-4259-8937-56E5FE6491FC}.Release|x64.Build.0 = Release|Any CPU
		{70AF1C4D-2F11-4259-8937-56E5FE6491FC}.Release|x86.ActiveCfg = Release|Any CPU
		{70AF1C4D-2F11-4259-8937-56E5FE6491FC}.Release|x86.Build.0 = Release|Any CPU
		{C9CFADB7-0463-4E90-A0AA-8A9EEBBBB1C3}.Debug|Any CPU.ActiveCfg = Debug|Any CPU
		{C9CFADB7-0463-4E90-A0AA-8A9EEBBBB1C3}.Debug|Any CPU.Build.0 = Debug|Any CPU
		{C9CFADB7-0463-4E90-A0AA-8A9EEBBBB1C3}.Debug|x64.ActiveCfg = Debug|Any CPU
		{C9CFADB7-0463-4E90-A0AA-8A9EEBBBB1C3}.Debug|x64.Build.0 = Debug|Any CPU
		{C9CFADB7-0463-4E90-A0AA-8A9EEBBBB1C3}.Debug|x86.ActiveCfg = Debug|Any CPU
		{C9CFADB7-0463-4E90-A0AA-8A9EEBBBB1C3}.Debug|x86.Build.0 = Debug|Any CPU
		{C9CFADB7-0463-4E90-A0AA-8A9EEBBBB1C3}.Release|Any CPU.ActiveCfg = Release|Any CPU
		{C9CFADB7-0463-4E90-A0AA-8A9EEBBBB1C3}.Release|Any CPU.Build.0 = Release|Any CPU
		{C9CFADB7-0463-4E90-A0AA-8A9EEBBBB1C3}.Release|x64.ActiveCfg = Release|Any CPU
		{C9CFADB7-0463-4E90-A0AA-8A9EEBBBB1C3}.Release|x64.Build.0 = Release|Any CPU
		{C9CFADB7-0463-4E90-A0AA-8A9EEBBBB1C3}.Release|x86.ActiveCfg = Release|Any CPU
		{C9CFADB7-0463-4E90-A0AA-8A9EEBBBB1C3}.Release|x86.Build.0 = Release|Any CPU
		{B9762A8C-DCF7-4611-8538-F5AFC42AA39C}.Debug|Any CPU.ActiveCfg = Debug|Any CPU
		{B9762A8C-DCF7-4611-8538-F5AFC42AA39C}.Debug|Any CPU.Build.0 = Debug|Any CPU
		{B9762A8C-DCF7-4611-8538-F5AFC42AA39C}.Debug|x64.ActiveCfg = Debug|Any CPU
		{B9762A8C-DCF7-4611-8538-F5AFC42AA39C}.Debug|x64.Build.0 = Debug|Any CPU
		{B9762A8C-DCF7-4611-8538-F5AFC42AA39C}.Debug|x86.ActiveCfg = Debug|Any CPU
		{B9762A8C-DCF7-4611-8538-F5AFC42AA39C}.Debug|x86.Build.0 = Debug|Any CPU
		{B9762A8C-DCF7-4611-8538-F5AFC42AA39C}.Release|Any CPU.ActiveCfg = Release|Any CPU
		{B9762A8C-DCF7-4611-8538-F5AFC42AA39C}.Release|Any CPU.Build.0 = Release|Any CPU
		{B9762A8C-DCF7-4611-8538-F5AFC42AA39C}.Release|x64.ActiveCfg = Release|Any CPU
		{B9762A8C-DCF7-4611-8538-F5AFC42AA39C}.Release|x64.Build.0 = Release|Any CPU
		{B9762A8C-DCF7-4611-8538-F5AFC42AA39C}.Release|x86.ActiveCfg = Release|Any CPU
		{B9762A8C-DCF7-4611-8538-F5AFC42AA39C}.Release|x86.Build.0 = Release|Any CPU
		{3F00C3B5-A300-4375-BC50-F1CBB328AC21}.Debug|Any CPU.ActiveCfg = Debug|Any CPU
		{3F00C3B5-A300-4375-BC50-F1CBB328AC21}.Debug|Any CPU.Build.0 = Debug|Any CPU
		{3F00C3B5-A300-4375-BC50-F1CBB328AC21}.Debug|x64.ActiveCfg = Debug|Any CPU
		{3F00C3B5-A300-4375-BC50-F1CBB328AC21}.Debug|x64.Build.0 = Debug|Any CPU
		{3F00C3B5-A300-4375-BC50-F1CBB328AC21}.Debug|x86.ActiveCfg = Debug|Any CPU
		{3F00C3B5-A300-4375-BC50-F1CBB328AC21}.Debug|x86.Build.0 = Debug|Any CPU
		{3F00C3B5-A300-4375-BC50-F1CBB328AC21}.Release|Any CPU.ActiveCfg = Release|Any CPU
		{3F00C3B5-A300-4375-BC50-F1CBB328AC21}.Release|Any CPU.Build.0 = Release|Any CPU
		{3F00C3B5-A300-4375-BC50-F1CBB328AC21}.Release|x64.ActiveCfg = Release|Any CPU
		{3F00C3B5-A300-4375-BC50-F1CBB328AC21}.Release|x64.Build.0 = Release|Any CPU
		{3F00C3B5-A300-4375-BC50-F1CBB328AC21}.Release|x86.ActiveCfg = Release|Any CPU
		{3F00C3B5-A300-4375-BC50-F1CBB328AC21}.Release|x86.Build.0 = Release|Any CPU
		{C049D708-43A6-40D5-AD0A-841BBC583D86}.Debug|Any CPU.ActiveCfg = Debug|Any CPU
		{C049D708-43A6-40D5-AD0A-841BBC583D86}.Debug|Any CPU.Build.0 = Debug|Any CPU
		{C049D708-43A6-40D5-AD0A-841BBC583D86}.Debug|x64.ActiveCfg = Debug|Any CPU
		{C049D708-43A6-40D5-AD0A-841BBC583D86}.Debug|x64.Build.0 = Debug|Any CPU
		{C049D708-43A6-40D5-AD0A-841BBC583D86}.Debug|x86.ActiveCfg = Debug|Any CPU
		{C049D708-43A6-40D5-AD0A-841BBC583D86}.Debug|x86.Build.0 = Debug|Any CPU
		{C049D708-43A6-40D5-AD0A-841BBC583D86}.Release|Any CPU.ActiveCfg = Release|Any CPU
		{C049D708-43A6-40D5-AD0A-841BBC583D86}.Release|Any CPU.Build.0 = Release|Any CPU
		{C049D708-43A6-40D5-AD0A-841BBC583D86}.Release|x64.ActiveCfg = Release|Any CPU
		{C049D708-43A6-40D5-AD0A-841BBC583D86}.Release|x64.Build.0 = Release|Any CPU
		{C049D708-43A6-40D5-AD0A-841BBC583D86}.Release|x86.ActiveCfg = Release|Any CPU
		{C049D708-43A6-40D5-AD0A-841BBC583D86}.Release|x86.Build.0 = Release|Any CPU
		{D5F7A69E-0D69-463C-9CE2-97181F142C98}.Debug|Any CPU.ActiveCfg = Debug|Any CPU
		{D5F7A69E-0D69-463C-9CE2-97181F142C98}.Debug|Any CPU.Build.0 = Debug|Any CPU
		{D5F7A69E-0D69-463C-9CE2-97181F142C98}.Debug|x64.ActiveCfg = Debug|Any CPU
		{D5F7A69E-0D69-463C-9CE2-97181F142C98}.Debug|x64.Build.0 = Debug|Any CPU
		{D5F7A69E-0D69-463C-9CE2-97181F142C98}.Debug|x86.ActiveCfg = Debug|Any CPU
		{D5F7A69E-0D69-463C-9CE2-97181F142C98}.Debug|x86.Build.0 = Debug|Any CPU
		{D5F7A69E-0D69-463C-9CE2-97181F142C98}.Release|Any CPU.ActiveCfg = Release|Any CPU
		{D5F7A69E-0D69-463C-9CE2-97181F142C98}.Release|Any CPU.Build.0 = Release|Any CPU
		{D5F7A69E-0D69-463C-9CE2-97181F142C98}.Release|x64.ActiveCfg = Release|Any CPU
		{D5F7A69E-0D69-463C-9CE2-97181F142C98}.Release|x64.Build.0 = Release|Any CPU
		{D5F7A69E-0D69-463C-9CE2-97181F142C98}.Release|x86.ActiveCfg = Release|Any CPU
		{D5F7A69E-0D69-463C-9CE2-97181F142C98}.Release|x86.Build.0 = Release|Any CPU
		{42149845-6F85-4E07-92E2-51871135F037}.Debug|Any CPU.ActiveCfg = Debug|Any CPU
		{42149845-6F85-4E07-92E2-51871135F037}.Debug|Any CPU.Build.0 = Debug|Any CPU
		{42149845-6F85-4E07-92E2-51871135F037}.Debug|x64.ActiveCfg = Debug|Any CPU
		{42149845-6F85-4E07-92E2-51871135F037}.Debug|x64.Build.0 = Debug|Any CPU
		{42149845-6F85-4E07-92E2-51871135F037}.Debug|x86.ActiveCfg = Debug|Any CPU
		{42149845-6F85-4E07-92E2-51871135F037}.Debug|x86.Build.0 = Debug|Any CPU
		{42149845-6F85-4E07-92E2-51871135F037}.Release|Any CPU.ActiveCfg = Release|Any CPU
		{42149845-6F85-4E07-92E2-51871135F037}.Release|Any CPU.Build.0 = Release|Any CPU
		{42149845-6F85-4E07-92E2-51871135F037}.Release|x64.ActiveCfg = Release|Any CPU
		{42149845-6F85-4E07-92E2-51871135F037}.Release|x64.Build.0 = Release|Any CPU
		{42149845-6F85-4E07-92E2-51871135F037}.Release|x86.ActiveCfg = Release|Any CPU
		{42149845-6F85-4E07-92E2-51871135F037}.Release|x86.Build.0 = Release|Any CPU
		{F4D32DDF-F5C6-4AFD-94E4-78C48A049085}.Debug|Any CPU.ActiveCfg = Debug|Any CPU
		{F4D32DDF-F5C6-4AFD-94E4-78C48A049085}.Debug|Any CPU.Build.0 = Debug|Any CPU
		{F4D32DDF-F5C6-4AFD-94E4-78C48A049085}.Debug|x64.ActiveCfg = Debug|Any CPU
		{F4D32DDF-F5C6-4AFD-94E4-78C48A049085}.Debug|x64.Build.0 = Debug|Any CPU
		{F4D32DDF-F5C6-4AFD-94E4-78C48A049085}.Debug|x86.ActiveCfg = Debug|Any CPU
		{F4D32DDF-F5C6-4AFD-94E4-78C48A049085}.Debug|x86.Build.0 = Debug|Any CPU
		{F4D32DDF-F5C6-4AFD-94E4-78C48A049085}.Release|Any CPU.ActiveCfg = Release|Any CPU
		{F4D32DDF-F5C6-4AFD-94E4-78C48A049085}.Release|Any CPU.Build.0 = Release|Any CPU
		{F4D32DDF-F5C6-4AFD-94E4-78C48A049085}.Release|x64.ActiveCfg = Release|Any CPU
		{F4D32DDF-F5C6-4AFD-94E4-78C48A049085}.Release|x64.Build.0 = Release|Any CPU
		{F4D32DDF-F5C6-4AFD-94E4-78C48A049085}.Release|x86.ActiveCfg = Release|Any CPU
		{F4D32DDF-F5C6-4AFD-94E4-78C48A049085}.Release|x86.Build.0 = Release|Any CPU
		{C6FE560E-9A78-4A0C-91A3-91077A5BD7ED}.Debug|Any CPU.ActiveCfg = Debug|Any CPU
		{C6FE560E-9A78-4A0C-91A3-91077A5BD7ED}.Debug|Any CPU.Build.0 = Debug|Any CPU
		{C6FE560E-9A78-4A0C-91A3-91077A5BD7ED}.Debug|x64.ActiveCfg = Debug|Any CPU
		{C6FE560E-9A78-4A0C-91A3-91077A5BD7ED}.Debug|x64.Build.0 = Debug|Any CPU
		{C6FE560E-9A78-4A0C-91A3-91077A5BD7ED}.Debug|x86.ActiveCfg = Debug|Any CPU
		{C6FE560E-9A78-4A0C-91A3-91077A5BD7ED}.Debug|x86.Build.0 = Debug|Any CPU
		{C6FE560E-9A78-4A0C-91A3-91077A5BD7ED}.Release|Any CPU.ActiveCfg = Release|Any CPU
		{C6FE560E-9A78-4A0C-91A3-91077A5BD7ED}.Release|Any CPU.Build.0 = Release|Any CPU
		{C6FE560E-9A78-4A0C-91A3-91077A5BD7ED}.Release|x64.ActiveCfg = Release|Any CPU
		{C6FE560E-9A78-4A0C-91A3-91077A5BD7ED}.Release|x64.Build.0 = Release|Any CPU
		{C6FE560E-9A78-4A0C-91A3-91077A5BD7ED}.Release|x86.ActiveCfg = Release|Any CPU
		{C6FE560E-9A78-4A0C-91A3-91077A5BD7ED}.Release|x86.Build.0 = Release|Any CPU
		{B782423A-EED5-4A04-B368-2C4B4AA2799C}.Debug|Any CPU.ActiveCfg = Debug|Any CPU
		{B782423A-EED5-4A04-B368-2C4B4AA2799C}.Debug|Any CPU.Build.0 = Debug|Any CPU
		{B782423A-EED5-4A04-B368-2C4B4AA2799C}.Debug|x64.ActiveCfg = Debug|Any CPU
		{B782423A-EED5-4A04-B368-2C4B4AA2799C}.Debug|x64.Build.0 = Debug|Any CPU
		{B782423A-EED5-4A04-B368-2C4B4AA2799C}.Debug|x86.ActiveCfg = Debug|Any CPU
		{B782423A-EED5-4A04-B368-2C4B4AA2799C}.Debug|x86.Build.0 = Debug|Any CPU
		{B782423A-EED5-4A04-B368-2C4B4AA2799C}.Release|Any CPU.ActiveCfg = Release|Any CPU
		{B782423A-EED5-4A04-B368-2C4B4AA2799C}.Release|Any CPU.Build.0 = Release|Any CPU
		{B782423A-EED5-4A04-B368-2C4B4AA2799C}.Release|x64.ActiveCfg = Release|Any CPU
		{B782423A-EED5-4A04-B368-2C4B4AA2799C}.Release|x64.Build.0 = Release|Any CPU
		{B782423A-EED5-4A04-B368-2C4B4AA2799C}.Release|x86.ActiveCfg = Release|Any CPU
		{B782423A-EED5-4A04-B368-2C4B4AA2799C}.Release|x86.Build.0 = Release|Any CPU
		{645ACBCF-B945-48F5-AB82-A015E46FEA91}.Debug|Any CPU.ActiveCfg = Debug|Any CPU
		{645ACBCF-B945-48F5-AB82-A015E46FEA91}.Debug|Any CPU.Build.0 = Debug|Any CPU
		{645ACBCF-B945-48F5-AB82-A015E46FEA91}.Debug|x64.ActiveCfg = Debug|Any CPU
		{645ACBCF-B945-48F5-AB82-A015E46FEA91}.Debug|x64.Build.0 = Debug|Any CPU
		{645ACBCF-B945-48F5-AB82-A015E46FEA91}.Debug|x86.ActiveCfg = Debug|Any CPU
		{645ACBCF-B945-48F5-AB82-A015E46FEA91}.Debug|x86.Build.0 = Debug|Any CPU
		{645ACBCF-B945-48F5-AB82-A015E46FEA91}.Release|Any CPU.ActiveCfg = Release|Any CPU
		{645ACBCF-B945-48F5-AB82-A015E46FEA91}.Release|Any CPU.Build.0 = Release|Any CPU
		{645ACBCF-B945-48F5-AB82-A015E46FEA91}.Release|x64.ActiveCfg = Release|Any CPU
		{645ACBCF-B945-48F5-AB82-A015E46FEA91}.Release|x64.Build.0 = Release|Any CPU
		{645ACBCF-B945-48F5-AB82-A015E46FEA91}.Release|x86.ActiveCfg = Release|Any CPU
		{645ACBCF-B945-48F5-AB82-A015E46FEA91}.Release|x86.Build.0 = Release|Any CPU
		{6D9DF000-A0EB-4C9C-B9D9-4AB91039564B}.Debug|Any CPU.ActiveCfg = Debug|Any CPU
		{6D9DF000-A0EB-4C9C-B9D9-4AB91039564B}.Debug|Any CPU.Build.0 = Debug|Any CPU
		{6D9DF000-A0EB-4C9C-B9D9-4AB91039564B}.Debug|x64.ActiveCfg = Debug|Any CPU
		{6D9DF000-A0EB-4C9C-B9D9-4AB91039564B}.Debug|x64.Build.0 = Debug|Any CPU
		{6D9DF000-A0EB-4C9C-B9D9-4AB91039564B}.Debug|x86.ActiveCfg = Debug|Any CPU
		{6D9DF000-A0EB-4C9C-B9D9-4AB91039564B}.Debug|x86.Build.0 = Debug|Any CPU
		{6D9DF000-A0EB-4C9C-B9D9-4AB91039564B}.Release|Any CPU.ActiveCfg = Release|Any CPU
		{6D9DF000-A0EB-4C9C-B9D9-4AB91039564B}.Release|Any CPU.Build.0 = Release|Any CPU
		{6D9DF000-A0EB-4C9C-B9D9-4AB91039564B}.Release|x64.ActiveCfg = Release|Any CPU
		{6D9DF000-A0EB-4C9C-B9D9-4AB91039564B}.Release|x64.Build.0 = Release|Any CPU
		{6D9DF000-A0EB-4C9C-B9D9-4AB91039564B}.Release|x86.ActiveCfg = Release|Any CPU
		{6D9DF000-A0EB-4C9C-B9D9-4AB91039564B}.Release|x86.Build.0 = Release|Any CPU
		{610405D0-87CA-4EB1-B743-EB5CD7B218B0}.Debug|Any CPU.ActiveCfg = Debug|Any CPU
		{610405D0-87CA-4EB1-B743-EB5CD7B218B0}.Debug|Any CPU.Build.0 = Debug|Any CPU
		{610405D0-87CA-4EB1-B743-EB5CD7B218B0}.Debug|x64.ActiveCfg = Debug|Any CPU
		{610405D0-87CA-4EB1-B743-EB5CD7B218B0}.Debug|x64.Build.0 = Debug|Any CPU
		{610405D0-87CA-4EB1-B743-EB5CD7B218B0}.Debug|x86.ActiveCfg = Debug|Any CPU
		{610405D0-87CA-4EB1-B743-EB5CD7B218B0}.Debug|x86.Build.0 = Debug|Any CPU
		{610405D0-87CA-4EB1-B743-EB5CD7B218B0}.Release|Any CPU.ActiveCfg = Release|Any CPU
		{610405D0-87CA-4EB1-B743-EB5CD7B218B0}.Release|Any CPU.Build.0 = Release|Any CPU
		{610405D0-87CA-4EB1-B743-EB5CD7B218B0}.Release|x64.ActiveCfg = Release|Any CPU
		{610405D0-87CA-4EB1-B743-EB5CD7B218B0}.Release|x64.Build.0 = Release|Any CPU
		{610405D0-87CA-4EB1-B743-EB5CD7B218B0}.Release|x86.ActiveCfg = Release|Any CPU
		{610405D0-87CA-4EB1-B743-EB5CD7B218B0}.Release|x86.Build.0 = Release|Any CPU
		{6D416496-EE75-4A11-B613-61777AC1D85A}.Debug|Any CPU.ActiveCfg = Debug|Any CPU
		{6D416496-EE75-4A11-B613-61777AC1D85A}.Debug|Any CPU.Build.0 = Debug|Any CPU
		{6D416496-EE75-4A11-B613-61777AC1D85A}.Debug|x64.ActiveCfg = Debug|Any CPU
		{6D416496-EE75-4A11-B613-61777AC1D85A}.Debug|x64.Build.0 = Debug|Any CPU
		{6D416496-EE75-4A11-B613-61777AC1D85A}.Debug|x86.ActiveCfg = Debug|Any CPU
		{6D416496-EE75-4A11-B613-61777AC1D85A}.Debug|x86.Build.0 = Debug|Any CPU
		{6D416496-EE75-4A11-B613-61777AC1D85A}.Release|Any CPU.ActiveCfg = Release|Any CPU
		{6D416496-EE75-4A11-B613-61777AC1D85A}.Release|Any CPU.Build.0 = Release|Any CPU
		{6D416496-EE75-4A11-B613-61777AC1D85A}.Release|x64.ActiveCfg = Release|Any CPU
		{6D416496-EE75-4A11-B613-61777AC1D85A}.Release|x64.Build.0 = Release|Any CPU
		{6D416496-EE75-4A11-B613-61777AC1D85A}.Release|x86.ActiveCfg = Release|Any CPU
		{6D416496-EE75-4A11-B613-61777AC1D85A}.Release|x86.Build.0 = Release|Any CPU
		{27BC1A03-030C-4991-AC97-2231518A953D}.Debug|Any CPU.ActiveCfg = Debug|Any CPU
		{27BC1A03-030C-4991-AC97-2231518A953D}.Debug|Any CPU.Build.0 = Debug|Any CPU
		{27BC1A03-030C-4991-AC97-2231518A953D}.Debug|x64.ActiveCfg = Debug|Any CPU
		{27BC1A03-030C-4991-AC97-2231518A953D}.Debug|x64.Build.0 = Debug|Any CPU
		{27BC1A03-030C-4991-AC97-2231518A953D}.Debug|x86.ActiveCfg = Debug|Any CPU
		{27BC1A03-030C-4991-AC97-2231518A953D}.Debug|x86.Build.0 = Debug|Any CPU
		{27BC1A03-030C-4991-AC97-2231518A953D}.Release|Any CPU.ActiveCfg = Release|Any CPU
		{27BC1A03-030C-4991-AC97-2231518A953D}.Release|Any CPU.Build.0 = Release|Any CPU
		{27BC1A03-030C-4991-AC97-2231518A953D}.Release|x64.ActiveCfg = Release|Any CPU
		{27BC1A03-030C-4991-AC97-2231518A953D}.Release|x64.Build.0 = Release|Any CPU
		{27BC1A03-030C-4991-AC97-2231518A953D}.Release|x86.ActiveCfg = Release|Any CPU
		{27BC1A03-030C-4991-AC97-2231518A953D}.Release|x86.Build.0 = Release|Any CPU
		{61904A9F-F1A4-4FE4-8058-3420C7611063}.Debug|Any CPU.ActiveCfg = Debug|Any CPU
		{61904A9F-F1A4-4FE4-8058-3420C7611063}.Debug|Any CPU.Build.0 = Debug|Any CPU
		{61904A9F-F1A4-4FE4-8058-3420C7611063}.Debug|x64.ActiveCfg = Debug|Any CPU
		{61904A9F-F1A4-4FE4-8058-3420C7611063}.Debug|x64.Build.0 = Debug|Any CPU
		{61904A9F-F1A4-4FE4-8058-3420C7611063}.Debug|x86.ActiveCfg = Debug|Any CPU
		{61904A9F-F1A4-4FE4-8058-3420C7611063}.Debug|x86.Build.0 = Debug|Any CPU
		{61904A9F-F1A4-4FE4-8058-3420C7611063}.Release|Any CPU.ActiveCfg = Release|Any CPU
		{61904A9F-F1A4-4FE4-8058-3420C7611063}.Release|Any CPU.Build.0 = Release|Any CPU
		{61904A9F-F1A4-4FE4-8058-3420C7611063}.Release|x64.ActiveCfg = Release|Any CPU
		{61904A9F-F1A4-4FE4-8058-3420C7611063}.Release|x64.Build.0 = Release|Any CPU
		{61904A9F-F1A4-4FE4-8058-3420C7611063}.Release|x86.ActiveCfg = Release|Any CPU
		{61904A9F-F1A4-4FE4-8058-3420C7611063}.Release|x86.Build.0 = Release|Any CPU
		{99C86EC9-89AB-43CA-8ABA-D898EEF26849}.Debug|Any CPU.ActiveCfg = Debug|Any CPU
		{99C86EC9-89AB-43CA-8ABA-D898EEF26849}.Debug|Any CPU.Build.0 = Debug|Any CPU
		{99C86EC9-89AB-43CA-8ABA-D898EEF26849}.Debug|x64.ActiveCfg = Debug|Any CPU
		{99C86EC9-89AB-43CA-8ABA-D898EEF26849}.Debug|x64.Build.0 = Debug|Any CPU
		{99C86EC9-89AB-43CA-8ABA-D898EEF26849}.Debug|x86.ActiveCfg = Debug|Any CPU
		{99C86EC9-89AB-43CA-8ABA-D898EEF26849}.Debug|x86.Build.0 = Debug|Any CPU
		{99C86EC9-89AB-43CA-8ABA-D898EEF26849}.Release|Any CPU.ActiveCfg = Release|Any CPU
		{99C86EC9-89AB-43CA-8ABA-D898EEF26849}.Release|Any CPU.Build.0 = Release|Any CPU
		{99C86EC9-89AB-43CA-8ABA-D898EEF26849}.Release|x64.ActiveCfg = Release|Any CPU
		{99C86EC9-89AB-43CA-8ABA-D898EEF26849}.Release|x64.Build.0 = Release|Any CPU
		{99C86EC9-89AB-43CA-8ABA-D898EEF26849}.Release|x86.ActiveCfg = Release|Any CPU
		{99C86EC9-89AB-43CA-8ABA-D898EEF26849}.Release|x86.Build.0 = Release|Any CPU
		{1FEB6FAC-8249-4E87-B157-0A59AF2D3CC9}.Debug|Any CPU.ActiveCfg = Debug|Any CPU
		{1FEB6FAC-8249-4E87-B157-0A59AF2D3CC9}.Debug|Any CPU.Build.0 = Debug|Any CPU
		{1FEB6FAC-8249-4E87-B157-0A59AF2D3CC9}.Debug|x64.ActiveCfg = Debug|Any CPU
		{1FEB6FAC-8249-4E87-B157-0A59AF2D3CC9}.Debug|x64.Build.0 = Debug|Any CPU
		{1FEB6FAC-8249-4E87-B157-0A59AF2D3CC9}.Debug|x86.ActiveCfg = Debug|Any CPU
		{1FEB6FAC-8249-4E87-B157-0A59AF2D3CC9}.Debug|x86.Build.0 = Debug|Any CPU
		{1FEB6FAC-8249-4E87-B157-0A59AF2D3CC9}.Release|Any CPU.ActiveCfg = Release|Any CPU
		{1FEB6FAC-8249-4E87-B157-0A59AF2D3CC9}.Release|Any CPU.Build.0 = Release|Any CPU
		{1FEB6FAC-8249-4E87-B157-0A59AF2D3CC9}.Release|x64.ActiveCfg = Release|Any CPU
		{1FEB6FAC-8249-4E87-B157-0A59AF2D3CC9}.Release|x64.Build.0 = Release|Any CPU
		{1FEB6FAC-8249-4E87-B157-0A59AF2D3CC9}.Release|x86.ActiveCfg = Release|Any CPU
		{1FEB6FAC-8249-4E87-B157-0A59AF2D3CC9}.Release|x86.Build.0 = Release|Any CPU
		{DD891C83-0100-44EF-86E0-75250226A43D}.Debug|Any CPU.ActiveCfg = Debug|Any CPU
		{DD891C83-0100-44EF-86E0-75250226A43D}.Debug|Any CPU.Build.0 = Debug|Any CPU
		{DD891C83-0100-44EF-86E0-75250226A43D}.Debug|x64.ActiveCfg = Debug|Any CPU
		{DD891C83-0100-44EF-86E0-75250226A43D}.Debug|x64.Build.0 = Debug|Any CPU
		{DD891C83-0100-44EF-86E0-75250226A43D}.Debug|x86.ActiveCfg = Debug|Any CPU
		{DD891C83-0100-44EF-86E0-75250226A43D}.Debug|x86.Build.0 = Debug|Any CPU
		{DD891C83-0100-44EF-86E0-75250226A43D}.Release|Any CPU.ActiveCfg = Release|Any CPU
		{DD891C83-0100-44EF-86E0-75250226A43D}.Release|Any CPU.Build.0 = Release|Any CPU
		{DD891C83-0100-44EF-86E0-75250226A43D}.Release|x64.ActiveCfg = Release|Any CPU
		{DD891C83-0100-44EF-86E0-75250226A43D}.Release|x64.Build.0 = Release|Any CPU
		{DD891C83-0100-44EF-86E0-75250226A43D}.Release|x86.ActiveCfg = Release|Any CPU
		{DD891C83-0100-44EF-86E0-75250226A43D}.Release|x86.Build.0 = Release|Any CPU
	EndGlobalSection
	GlobalSection(SolutionProperties) = preSolution
		HideSolutionNode = FALSE
	EndGlobalSection
	GlobalSection(NestedProjects) = preSolution
		{3E33DCFC-FED9-4AE3-B73B-BE6814F490B6} = {07C2787E-EAC7-C090-1BA3-A61EC2A24D84}
		{69BD3209-5790-49EB-B4D7-A3A7914847E5} = {827E0CD3-B72D-47B6-A68D-7590B98EB39B}
		{3C87C876-D46A-4141-B38D-3E8FE1251E59} = {827E0CD3-B72D-47B6-A68D-7590B98EB39B}
		{71E044F3-F0E1-404D-BA4C-29D78BD70C04} = {0AB3BF05-4346-4AA6-1389-037BE0695223}
		{5B59878F-28AE-49EE-AFBE-2B1C9415E516} = {0AB3BF05-4346-4AA6-1389-037BE0695223}
		{7E9549DA-5906-4D73-B1E8-0DC3EC1FAB1C} = {0AB3BF05-4346-4AA6-1389-037BE0695223}
		{E70244F8-F798-4A49-89B6-C7E213FC41D9} = {07C2787E-EAC7-C090-1BA3-A61EC2A24D84}
		{268CAEED-2556-4DDC-B6BD-EE6C54A58B3F} = {0AB3BF05-4346-4AA6-1389-037BE0695223}
		{E1B153F7-0286-4D47-82A5-5A24E5AE542D} = {827E0CD3-B72D-47B6-A68D-7590B98EB39B}
		{8F91DAFB-53BF-4C75-A5F8-B9A5796D4A4A} = {827E0CD3-B72D-47B6-A68D-7590B98EB39B}
		{C24DDF0B-6902-4388-83AC-F39DFD10BAB2} = {0AB3BF05-4346-4AA6-1389-037BE0695223}
		{D43E146C-FFB7-499E-8C6C-87421C3E017D} = {827E0CD3-B72D-47B6-A68D-7590B98EB39B}
		{B69D5FFB-4349-4B44-A6A2-B0C05B960B0C} = {0AB3BF05-4346-4AA6-1389-037BE0695223}
		{4119C083-75B7-4BD4-9EA5-0BB8802D6F5C} = {5D20AA90-6969-D8BD-9DCD-8634F4692FDA}
		{89669571-9532-4828-A55D-6B291C04D2AC} = {5D20AA90-6969-D8BD-9DCD-8634F4692FDA}
		{70AF1C4D-2F11-4259-8937-56E5FE6491FC} = {5D20AA90-6969-D8BD-9DCD-8634F4692FDA}
		{C9CFADB7-0463-4E90-A0AA-8A9EEBBBB1C3} = {827E0CD3-B72D-47B6-A68D-7590B98EB39B}
		{B9762A8C-DCF7-4611-8538-F5AFC42AA39C} = {0AB3BF05-4346-4AA6-1389-037BE0695223}
		{3F00C3B5-A300-4375-BC50-F1CBB328AC21} = {07C2787E-EAC7-C090-1BA3-A61EC2A24D84}
		{C049D708-43A6-40D5-AD0A-841BBC583D86} = {0AB3BF05-4346-4AA6-1389-037BE0695223}
		{D5F7A69E-0D69-463C-9CE2-97181F142C98} = {07C2787E-EAC7-C090-1BA3-A61EC2A24D84}
		{42149845-6F85-4E07-92E2-51871135F037} = {0AB3BF05-4346-4AA6-1389-037BE0695223}
		{F4D32DDF-F5C6-4AFD-94E4-78C48A049085} = {827E0CD3-B72D-47B6-A68D-7590B98EB39B}
		{C6FE560E-9A78-4A0C-91A3-91077A5BD7ED} = {827E0CD3-B72D-47B6-A68D-7590B98EB39B}
		{B782423A-EED5-4A04-B368-2C4B4AA2799C} = {5D20AA90-6969-D8BD-9DCD-8634F4692FDA}
		{645ACBCF-B945-48F5-AB82-A015E46FEA91} = {5D20AA90-6969-D8BD-9DCD-8634F4692FDA}
		{6D9DF000-A0EB-4C9C-B9D9-4AB91039564B} = {5D20AA90-6969-D8BD-9DCD-8634F4692FDA}
		{610405D0-87CA-4EB1-B743-EB5CD7B218B0} = {5D20AA90-6969-D8BD-9DCD-8634F4692FDA}
		{6D416496-EE75-4A11-B613-61777AC1D85A} = {5D20AA90-6969-D8BD-9DCD-8634F4692FDA}
		{27BC1A03-030C-4991-AC97-2231518A953D} = {5D20AA90-6969-D8BD-9DCD-8634F4692FDA}
		{61904A9F-F1A4-4FE4-8058-3420C7611063} = {5D20AA90-6969-D8BD-9DCD-8634F4692FDA}
		{99C86EC9-89AB-43CA-8ABA-D898EEF26849} = {5D20AA90-6969-D8BD-9DCD-8634F4692FDA}
		{1FEB6FAC-8249-4E87-B157-0A59AF2D3CC9} = {5D20AA90-6969-D8BD-9DCD-8634F4692FDA}
		{DD891C83-0100-44EF-86E0-75250226A43D} = {5D20AA90-6969-D8BD-9DCD-8634F4692FDA}
	EndGlobalSection
EndGlobal
